
Microsoft Visual Studio Solution File, Format Version 12.00
# Visual Studio Version 17
VisualStudioVersion = 17.7.34018.315
MinimumVisualStudioVersion = 10.0.40219.1
Project("{FAE04EC0-301F-11D3-BF4B-00C04F79EFBC}") = "Lab2C#", "Lab2C#.csproj", "{CEF53459-BF5B-4473-BB4C-30D0A299F8F8}"
EndProject
Global
	GlobalSection(SolutionConfigurationPlatforms) = preSolution
		Debug|Any CPU = Debug|Any CPU
		Release|Any CPU = Release|Any CPU
	EndGlobalSection
	GlobalSection(ProjectConfigurationPlatforms) = postSolution
		{CEF53459-BF5B-4473-BB4C-30D0A299F8F8}.Debug|Any CPU.ActiveCfg = Debug|Any CPU
		{CEF53459-BF5B-4473-BB4C-30D0A299F8F8}.Debug|Any CPU.Build.0 = Debug|Any CPU
		{CEF53459-BF5B-4473-BB4C-30D0A299F8F8}.Release|Any CPU.ActiveCfg = Release|Any CPU
		{CEF53459-BF5B-4473-BB4C-30D0A299F8F8}.Release|Any CPU.Build.0 = Release|Any CPU
	EndGlobalSection
	GlobalSection(SolutionProperties) = preSolution
		HideSolutionNode = FALSE
	EndGlobalSection
	GlobalSection(ExtensibilityGlobals) = postSolution
		SolutionGuid = {7A293DBA-92D0-462B-9B20-2B481F9C6199}
	EndGlobalSection
EndGlobal
